
Microsoft Visual Studio Solution File, Format Version 12.00
# Visual Studio Version 17
VisualStudioVersion = 17.10.35027.167
MinimumVisualStudioVersion = 10.0.40219.1
Project("{FAE04EC0-301F-11D3-BF4B-00C04F79EFBC}") = "TfLRouteManager", "TfLRouteManager.csproj", "{3075F7CE-B4F0-45D1-9C36-15F3BD66C3C0}"
EndProject
Global
	GlobalSection(SolutionConfigurationPlatforms) = preSolution
		Debug|Any CPU = Debug|Any CPU
		Release|Any CPU = Release|Any CPU
	EndGlobalSection
	GlobalSection(ProjectConfigurationPlatforms) = postSolution
		{3075F7CE-B4F0-45D1-9C36-15F3BD66C3C0}.Debug|Any CPU.ActiveCfg = Debug|Any CPU
		{3075F7CE-B4F0-45D1-9C36-15F3BD66C3C0}.Debug|Any CPU.Build.0 = Debug|Any CPU
		{3075F7CE-B4F0-45D1-9C36-15F3BD66C3C0}.Release|Any CPU.ActiveCfg = Release|Any CPU
		{3075F7CE-B4F0-45D1-9C36-15F3BD66C3C0}.Release|Any CPU.Build.0 = Release|Any CPU
	EndGlobalSection
	GlobalSection(SolutionProperties) = preSolution
		HideSolutionNode = FALSE
	EndGlobalSection
	GlobalSection(ExtensibilityGlobals) = postSolution
		SolutionGuid = {A6DABC4E-EAF1-4820-830F-6733F2F004F1}
	EndGlobalSection
EndGlobal
